
Microsoft Visual Studio Solution File, Format Version 12.00
Project("{FAE04EC0-301F-11D3-BF4B-00C04F79EFBC}") = "Test2", "Test2\Test2.csproj", "{99985BEC-A302-4197-A322-DDA54BE6849F}"
EndProject
Global
	GlobalSection(SolutionConfigurationPlatforms) = preSolution
		Debug|Any CPU = Debug|Any CPU
		Release|Any CPU = Release|Any CPU
	EndGlobalSection
	GlobalSection(ProjectConfigurationPlatforms) = postSolution
		{99985BEC-A302-4197-A322-DDA54BE6849F}.Debug|Any CPU.ActiveCfg = Debug|Any CPU
		{99985BEC-A302-4197-A322-DDA54BE6849F}.Debug|Any CPU.Build.0 = Debug|Any CPU
		{99985BEC-A302-4197-A322-DDA54BE6849F}.Release|Any CPU.ActiveCfg = Release|Any CPU
		{99985BEC-A302-4197-A322-DDA54BE6849F}.Release|Any CPU.Build.0 = Release|Any CPU
	EndGlobalSection
EndGlobal
